// !$*UTF8*$!
{
	archiveVersion = 1;
	classes = {
	};
	objectVersion = 46;
	objects = {

/* Begin PBXBuildFile section */
		AB6117D91E4D650200E6C0A7 /* AppDelegate.swift in Sources */ = {isa = PBXBuildFile; fileRef = AB6117D81E4D650200E6C0A7 /* AppDelegate.swift */; };
		AB6117DB1E4D650200E6C0A7 /* ViewController.swift in Sources */ = {isa = PBXBuildFile; fileRef = AB6117DA1E4D650200E6C0A7 /* ViewController.swift */; };
		AB6117DE1E4D650200E6C0A7 /* Main.storyboard in Resources */ = {isa = PBXBuildFile; fileRef = AB6117DC1E4D650200E6C0A7 /* Main.storyboard */; };
		AB6117E01E4D650200E6C0A7 /* Assets.xcassets in Resources */ = {isa = PBXBuildFile; fileRef = AB6117DF1E4D650200E6C0A7 /* Assets.xcassets */; };
		AB6117E31E4D650200E6C0A7 /* LaunchScreen.storyboard in Resources */ = {isa = PBXBuildFile; fileRef = AB6117E11E4D650200E6C0A7 /* LaunchScreen.storyboard */; };
		AB6117EE1E4D650200E6C0A7 /* CoreDemoTests.swift in Sources */ = {isa = PBXBuildFile; fileRef = AB6117ED1E4D650200E6C0A7 /* CoreDemoTests.swift */; };
		AB6117F91E4D650200E6C0A7 /* CoreDemoUITests.swift in Sources */ = {isa = PBXBuildFile; fileRef = AB6117F81E4D650200E6C0A7 /* CoreDemoUITests.swift */; };
		AB6118071E4D651600E6C0A7 /* Core.framework in Frameworks */ = {isa = PBXBuildFile; fileRef = AB6118061E4D651600E6C0A7 /* Core.framework */; };
		AB6118081E4D651600E6C0A7 /* Core.framework in Embed Frameworks */ = {isa = PBXBuildFile; fileRef = AB6118061E4D651600E6C0A7 /* Core.framework */; settings = {ATTRIBUTES = (CodeSignOnCopy, RemoveHeadersOnCopy, ); }; };
/* End PBXBuildFile section */

/* Begin PBXContainerItemProxy section */
		AB6117EA1E4D650200E6C0A7 /* PBXContainerItemProxy */ = {
			isa = PBXContainerItemProxy;
			containerPortal = AB6117CD1E4D650100E6C0A7 /* Project object */;
			proxyType = 1;
			remoteGlobalIDString = AB6117D41E4D650200E6C0A7;
			remoteInfo = CoreDemo;
		};
		AB6117F51E4D650200E6C0A7 /* PBXContainerItemProxy */ = {
			isa = PBXContainerItemProxy;
			containerPortal = AB6117CD1E4D650100E6C0A7 /* Project object */;
			proxyType = 1;
			remoteGlobalIDString = AB6117D41E4D650200E6C0A7;
			remoteInfo = CoreDemo;
		};
/* End PBXContainerItemProxy section */

/* Begin PBXCopyFilesBuildPhase section */
		AB6118091E4D651600E6C0A7 /* Embed Frameworks */ = {
			isa = PBXCopyFilesBuildPhase;
			buildActionMask = 2147483647;
			dstPath = "";
			dstSubfolderSpec = 10;
			files = (
				AB6118081E4D651600E6C0A7 /* Core.framework in Embed Frameworks */,
			);
			name = "Embed Frameworks";
			runOnlyForDeploymentPostprocessing = 0;
		};
/* End PBXCopyFilesBuildPhase section */

/* Begin PBXFileReference section */
		AB6117D51E4D650200E6C0A7 /* CoreDemo.app */ = {isa = PBXFileReference; explicitFileType = wrapper.application; includeInIndex = 0; path = CoreDemo.app; sourceTree = BUILT_PRODUCTS_DIR; };
		AB6117D81E4D650200E6C0A7 /* AppDelegate.swift */ = {isa = PBXFileReference; lastKnownFileType = sourcecode.swift; path = AppDelegate.swift; sourceTree = "<group>"; };
		AB6117DA1E4D650200E6C0A7 /* ViewController.swift */ = {isa = PBXFileReference; lastKnownFileType = sourcecode.swift; path = ViewController.swift; sourceTree = "<group>"; };
		AB6117DD1E4D650200E6C0A7 /* Base */ = {isa = PBXFileReference; lastKnownFileType = file.storyboard; name = Base; path = Base.lproj/Main.storyboard; sourceTree = "<group>"; };
		AB6117DF1E4D650200E6C0A7 /* Assets.xcassets */ = {isa = PBXFileReference; lastKnownFileType = folder.assetcatalog; path = Assets.xcassets; sourceTree = "<group>"; };
		AB6117E21E4D650200E6C0A7 /* Base */ = {isa = PBXFileReference; lastKnownFileType = file.storyboard; name = Base; path = Base.lproj/LaunchScreen.storyboard; sourceTree = "<group>"; };
		AB6117E41E4D650200E6C0A7 /* Info.plist */ = {isa = PBXFileReference; lastKnownFileType = text.plist.xml; path = Info.plist; sourceTree = "<group>"; };
		AB6117E91E4D650200E6C0A7 /* CoreDemoTests.xctest */ = {isa = PBXFileReference; explicitFileType = wrapper.cfbundle; includeInIndex = 0; path = CoreDemoTests.xctest; sourceTree = BUILT_PRODUCTS_DIR; };
		AB6117ED1E4D650200E6C0A7 /* CoreDemoTests.swift */ = {isa = PBXFileReference; lastKnownFileType = sourcecode.swift; path = CoreDemoTests.swift; sourceTree = "<group>"; };
		AB6117EF1E4D650200E6C0A7 /* Info.plist */ = {isa = PBXFileReference; lastKnownFileType = text.plist.xml; path = Info.plist; sourceTree = "<group>"; };
		AB6117F41E4D650200E6C0A7 /* CoreDemoUITests.xctest */ = {isa = PBXFileReference; explicitFileType = wrapper.cfbundle; includeInIndex = 0; path = CoreDemoUITests.xctest; sourceTree = BUILT_PRODUCTS_DIR; };
		AB6117F81E4D650200E6C0A7 /* CoreDemoUITests.swift */ = {isa = PBXFileReference; lastKnownFileType = sourcecode.swift; path = CoreDemoUITests.swift; sourceTree = "<group>"; };
		AB6117FA1E4D650200E6C0A7 /* Info.plist */ = {isa = PBXFileReference; lastKnownFileType = text.plist.xml; path = Info.plist; sourceTree = "<group>"; };
		AB6118061E4D651600E6C0A7 /* Core.framework */ = {isa = PBXFileReference; explicitFileType = wrapper.framework; path = Core.framework; sourceTree = BUILT_PRODUCTS_DIR; };
/* End PBXFileReference section */

/* Begin PBXFrameworksBuildPhase section */
		AB6117D21E4D650200E6C0A7 /* Frameworks */ = {
			isa = PBXFrameworksBuildPhase;
			buildActionMask = 2147483647;
			files = (
				AB6118071E4D651600E6C0A7 /* Core.framework in Frameworks */,
			);
			runOnlyForDeploymentPostprocessing = 0;
		};
		AB6117E61E4D650200E6C0A7 /* Frameworks */ = {
			isa = PBXFrameworksBuildPhase;
			buildActionMask = 2147483647;
			files = (
			);
			runOnlyForDeploymentPostprocessing = 0;
		};
		AB6117F11E4D650200E6C0A7 /* Frameworks */ = {
			isa = PBXFrameworksBuildPhase;
			buildActionMask = 2147483647;
			files = (
			);
			runOnlyForDeploymentPostprocessing = 0;
		};
/* End PBXFrameworksBuildPhase section */

/* Begin PBXGroup section */
		AB6117CC1E4D650100E6C0A7 = {
			isa = PBXGroup;
			children = (
				AB6118061E4D651600E6C0A7 /* Core.framework */,
				AB6117D71E4D650200E6C0A7 /* CoreDemo */,
				AB6117EC1E4D650200E6C0A7 /* CoreDemoTests */,
				AB6117F71E4D650200E6C0A7 /* CoreDemoUITests */,
				AB6117D61E4D650200E6C0A7 /* Products */,
			);
			sourceTree = "<group>";
		};
		AB6117D61E4D650200E6C0A7 /* Products */ = {
			isa = PBXGroup;
			children = (
				AB6117D51E4D650200E6C0A7 /* CoreDemo.app */,
				AB6117E91E4D650200E6C0A7 /* CoreDemoTests.xctest */,
				AB6117F41E4D650200E6C0A7 /* CoreDemoUITests.xctest */,
			);
			name = Products;
			sourceTree = "<group>";
		};
		AB6117D71E4D650200E6C0A7 /* CoreDemo */ = {
			isa = PBXGroup;
			children = (
				AB6117D81E4D650200E6C0A7 /* AppDelegate.swift */,
				AB6117DA1E4D650200E6C0A7 /* ViewController.swift */,
				AB6117DC1E4D650200E6C0A7 /* Main.storyboard */,
				AB6117DF1E4D650200E6C0A7 /* Assets.xcassets */,
				AB6117E11E4D650200E6C0A7 /* LaunchScreen.storyboard */,
				AB6117E41E4D650200E6C0A7 /* Info.plist */,
			);
			path = CoreDemo;
			sourceTree = "<group>";
		};
		AB6117EC1E4D650200E6C0A7 /* CoreDemoTests */ = {
			isa = PBXGroup;
			children = (
				AB6117ED1E4D650200E6C0A7 /* CoreDemoTests.swift */,
				AB6117EF1E4D650200E6C0A7 /* Info.plist */,
			);
			path = CoreDemoTests;
			sourceTree = "<group>";
		};
		AB6117F71E4D650200E6C0A7 /* CoreDemoUITests */ = {
			isa = PBXGroup;
			children = (
				AB6117F81E4D650200E6C0A7 /* CoreDemoUITests.swift */,
				AB6117FA1E4D650200E6C0A7 /* Info.plist */,
			);
			path = CoreDemoUITests;
			sourceTree = "<group>";
		};
/* End PBXGroup section */

/* Begin PBXNativeTarget section */
		AB6117D41E4D650200E6C0A7 /* CoreDemo */ = {
			isa = PBXNativeTarget;
			buildConfigurationList = AB6117FD1E4D650200E6C0A7 /* Build configuration list for PBXNativeTarget "CoreDemo" */;
			buildPhases = (
				AB6117D11E4D650200E6C0A7 /* Sources */,
				AB6117D21E4D650200E6C0A7 /* Frameworks */,
				AB6117D31E4D650200E6C0A7 /* Resources */,
				AB6118091E4D651600E6C0A7 /* Embed Frameworks */,
			);
			buildRules = (
			);
			dependencies = (
			);
			name = CoreDemo;
			productName = CoreDemo;
			productReference = AB6117D51E4D650200E6C0A7 /* CoreDemo.app */;
			productType = "com.apple.product-type.application";
		};
		AB6117E81E4D650200E6C0A7 /* CoreDemoTests */ = {
			isa = PBXNativeTarget;
			buildConfigurationList = AB6118001E4D650200E6C0A7 /* Build configuration list for PBXNativeTarget "CoreDemoTests" */;
			buildPhases = (
				AB6117E51E4D650200E6C0A7 /* Sources */,
				AB6117E61E4D650200E6C0A7 /* Frameworks */,
				AB6117E71E4D650200E6C0A7 /* Resources */,
			);
			buildRules = (
			);
			dependencies = (
				AB6117EB1E4D650200E6C0A7 /* PBXTargetDependency */,
			);
			name = CoreDemoTests;
			productName = CoreDemoTests;
			productReference = AB6117E91E4D650200E6C0A7 /* CoreDemoTests.xctest */;
			productType = "com.apple.product-type.bundle.unit-test";
		};
		AB6117F31E4D650200E6C0A7 /* CoreDemoUITests */ = {
			isa = PBXNativeTarget;
			buildConfigurationList = AB6118031E4D650200E6C0A7 /* Build configuration list for PBXNativeTarget "CoreDemoUITests" */;
			buildPhases = (
				AB6117F01E4D650200E6C0A7 /* Sources */,
				AB6117F11E4D650200E6C0A7 /* Frameworks */,
				AB6117F21E4D650200E6C0A7 /* Resources */,
			);
			buildRules = (
			);
			dependencies = (
				AB6117F61E4D650200E6C0A7 /* PBXTargetDependency */,
			);
			name = CoreDemoUITests;
			productName = CoreDemoUITests;
			productReference = AB6117F41E4D650200E6C0A7 /* CoreDemoUITests.xctest */;
			productType = "com.apple.product-type.bundle.ui-testing";
		};
/* End PBXNativeTarget section */

/* Begin PBXProject section */
		AB6117CD1E4D650100E6C0A7 /* Project object */ = {
			isa = PBXProject;
			attributes = {
				LastSwiftUpdateCheck = 0820;
				LastUpgradeCheck = 0820;
				ORGANIZATIONNAME = lite;
				TargetAttributes = {
					AB6117D41E4D650200E6C0A7 = {
						CreatedOnToolsVersion = 8.2.1;
						DevelopmentTeam = W2MHQ39N9M;
						ProvisioningStyle = Automatic;
					};
					AB6117E81E4D650200E6C0A7 = {
						CreatedOnToolsVersion = 8.2.1;
						DevelopmentTeam = W2MHQ39N9M;
						ProvisioningStyle = Automatic;
						TestTargetID = AB6117D41E4D650200E6C0A7;
					};
					AB6117F31E4D650200E6C0A7 = {
						CreatedOnToolsVersion = 8.2.1;
						DevelopmentTeam = W2MHQ39N9M;
						ProvisioningStyle = Automatic;
						TestTargetID = AB6117D41E4D650200E6C0A7;
					};
				};
			};
			buildConfigurationList = AB6117D01E4D650100E6C0A7 /* Build configuration list for PBXProject "CoreDemo" */;
			compatibilityVersion = "Xcode 3.2";
			developmentRegion = English;
			hasScannedForEncodings = 0;
			knownRegions = (
				en,
				Base,
			);
			mainGroup = AB6117CC1E4D650100E6C0A7;
			productRefGroup = AB6117D61E4D650200E6C0A7 /* Products */;
			projectDirPath = "";
			projectRoot = "";
			targets = (
				AB6117D41E4D650200E6C0A7 /* CoreDemo */,
				AB6117E81E4D650200E6C0A7 /* CoreDemoTests */,
				AB6117F31E4D650200E6C0A7 /* CoreDemoUITests */,
			);
		};
/* End PBXProject section */

/* Begin PBXResourcesBuildPhase section */
		AB6117D31E4D650200E6C0A7 /* Resources */ = {
			isa = PBXResourcesBuildPhase;
			buildActionMask = 2147483647;
			files = (
				AB6117E31E4D650200E6C0A7 /* LaunchScreen.storyboard in Resources */,
				AB6117E01E4D650200E6C0A7 /* Assets.xcassets in Resources */,
				AB6117DE1E4D650200E6C0A7 /* Main.storyboard in Resources */,
			);
			runOnlyForDeploymentPostprocessing = 0;
		};
		AB6117E71E4D650200E6C0A7 /* Resources */ = {
			isa = PBXResourcesBuildPhase;
			buildActionMask = 2147483647;
			files = (
			);
			runOnlyForDeploymentPostprocessing = 0;
		};
		AB6117F21E4D650200E6C0A7 /* Resources */ = {
			isa = PBXResourcesBuildPhase;
			buildActionMask = 2147483647;
			files = (
			);
			runOnlyForDeploymentPostprocessing = 0;
		};
/* End PBXResourcesBuildPhase section */

/* Begin PBXSourcesBuildPhase section */
		AB6117D11E4D650200E6C0A7 /* Sources */ = {
			isa = PBXSourcesBuildPhase;
			buildActionMask = 2147483647;
			files = (
				AB6117DB1E4D650200E6C0A7 /* ViewController.swift in Sources */,
				AB6117D91E4D650200E6C0A7 /* AppDelegate.swift in Sources */,
			);
			runOnlyForDeploymentPostprocessing = 0;
		};
		AB6117E51E4D650200E6C0A7 /* Sources */ = {
			isa = PBXSourcesBuildPhase;
			buildActionMask = 2147483647;
			files = (
				AB6117EE1E4D650200E6C0A7 /* CoreDemoTests.swift in Sources */,
			);
			runOnlyForDeploymentPostprocessing = 0;
		};
		AB6117F01E4D650200E6C0A7 /* Sources */ = {
			isa = PBXSourcesBuildPhase;
			buildActionMask = 2147483647;
			files = (
				AB6117F91E4D650200E6C0A7 /* CoreDemoUITests.swift in Sources */,
			);
			runOnlyForDeploymentPostprocessing = 0;
		};
/* End PBXSourcesBuildPhase section */

/* Begin PBXTargetDependency section */
		AB6117EB1E4D650200E6C0A7 /* PBXTargetDependency */ = {
			isa = PBXTargetDependency;
			target = AB6117D41E4D650200E6C0A7 /* CoreDemo */;
			targetProxy = AB6117EA1E4D650200E6C0A7 /* PBXContainerItemProxy */;
		};
		AB6117F61E4D650200E6C0A7 /* PBXTargetDependency */ = {
			isa = PBXTargetDependency;
			target = AB6117D41E4D650200E6C0A7 /* CoreDemo */;
			targetProxy = AB6117F51E4D650200E6C0A7 /* PBXContainerItemProxy */;
		};
/* End PBXTargetDependency section */

/* Begin PBXVariantGroup section */
		AB6117DC1E4D650200E6C0A7 /* Main.storyboard */ = {
			isa = PBXVariantGroup;
			children = (
				AB6117DD1E4D650200E6C0A7 /* Base */,
			);
			name = Main.storyboard;
			sourceTree = "<group>";
		};
		AB6117E11E4D650200E6C0A7 /* LaunchScreen.storyboard */ = {
			isa = PBXVariantGroup;
			children = (
				AB6117E21E4D650200E6C0A7 /* Base */,
			);
			name = LaunchScreen.storyboard;
			sourceTree = "<group>";
		};
/* End PBXVariantGroup section */

/* Begin XCBuildConfiguration section */
		AB6117FB1E4D650200E6C0A7 /* Debug */ = {
			isa = XCBuildConfiguration;
			buildSettings = {
				ALWAYS_SEARCH_USER_PATHS = NO;
				CLANG_ANALYZER_NONNULL = YES;
				CLANG_CXX_LANGUAGE_STANDARD = "gnu++0x";
				CLANG_CXX_LIBRARY = "libc++";
				CLANG_ENABLE_MODULES = YES;
				CLANG_ENABLE_OBJC_ARC = YES;
				CLANG_WARN_BOOL_CONVERSION = YES;
				CLANG_WARN_CONSTANT_CONVERSION = YES;
				CLANG_WARN_DIRECT_OBJC_ISA_USAGE = YES_ERROR;
				CLANG_WARN_DOCUMENTATION_COMMENTS = YES;
				CLANG_WARN_EMPTY_BODY = YES;
				CLANG_WARN_ENUM_CONVERSION = YES;
				CLANG_WARN_INFINITE_RECURSION = YES;
				CLANG_WARN_INT_CONVERSION = YES;
				CLANG_WARN_OBJC_ROOT_CLASS = YES_ERROR;
				CLANG_WARN_SUSPICIOUS_MOVE = YES;
				CLANG_WARN_UNREACHABLE_CODE = YES;
				CLANG_WARN__DUPLICATE_METHOD_MATCH = YES;
				"CODE_SIGN_IDENTITY[sdk=iphoneos*]" = "iPhone Developer";
				COPY_PHASE_STRIP = NO;
				DEBUG_INFORMATION_FORMAT = dwarf;
				ENABLE_STRICT_OBJC_MSGSEND = YES;
				ENABLE_TESTABILITY = YES;
				GCC_C_LANGUAGE_STANDARD = gnu99;
				GCC_DYNAMIC_NO_PIC = NO;
				GCC_NO_COMMON_BLOCKS = YES;
				GCC_OPTIMIZATION_LEVEL = 0;
				GCC_PREPROCESSOR_DEFINITIONS = (
					"DEBUG=1",
					"$(inherited)",
				);
				GCC_WARN_64_TO_32_BIT_CONVERSION = YES;
				GCC_WARN_ABOUT_RETURN_TYPE = YES_ERROR;
				GCC_WARN_UNDECLARED_SELECTOR = YES;
				GCC_WARN_UNINITIALIZED_AUTOS = YES_AGGRESSIVE;
				GCC_WARN_UNUSED_FUNCTION = YES;
				GCC_WARN_UNUSED_VARIABLE = YES;
				IPHONEOS_DEPLOYMENT_TARGET = 10.2;
				MTL_ENABLE_DEBUG_INFO = YES;
				ONLY_ACTIVE_ARCH = YES;
				SDKROOT = iphoneos;
				SWIFT_ACTIVE_COMPILATION_CONDITIONS = DEBUG;
				SWIFT_OPTIMIZATION_LEVEL = "-Onone";
			};
			name = Debug;
		};
		AB6117FC1E4D650200E6C0A7 /* Release */ = {
			isa = XCBuildConfiguration;
			buildSettings = {
				ALWAYS_SEARCH_USER_PATHS = NO;
				CLANG_ANALYZER_NONNULL = YES;
				CLANG_CXX_LANGUAGE_STANDARD = "gnu++0x";
				CLANG_CXX_LIBRARY = "libc++";
				CLANG_ENABLE_MODULES = YES;
				CLANG_ENABLE_OBJC_ARC = YES;
				CLANG_WARN_BOOL_CONVERSION = YES;
				CLANG_WARN_CONSTANT_CONVERSION = YES;
				CLANG_WARN_DIRECT_OBJC_ISA_USAGE = YES_ERROR;
				CLANG_WARN_DOCUMENTATION_COMMENTS = YES;
				CLANG_WARN_EMPTY_BODY = YES;
				CLANG_WARN_ENUM_CONVERSION = YES;
				CLANG_WARN_INFINITE_RECURSION = YES;
				CLANG_WARN_INT_CONVERSION = YES;
				CLANG_WARN_OBJC_ROOT_CLASS = YES_ERROR;
				CLANG_WARN_SUSPICIOUS_MOVE = YES;
				CLANG_WARN_UNREACHABLE_CODE = YES;
				CLANG_WARN__DUPLICATE_METHOD_MATCH = YES;
				"CODE_SIGN_IDENTITY[sdk=iphoneos*]" = "iPhone Developer";
				COPY_PHASE_STRIP = NO;
				DEBUG_INFORMATION_FORMAT = "dwarf-with-dsym";
				ENABLE_NS_ASSERTIONS = NO;
				ENABLE_STRICT_OBJC_MSGSEND = YES;
				GCC_C_LANGUAGE_STANDARD = gnu99;
				GCC_NO_COMMON_BLOCKS = YES;
				GCC_WARN_64_TO_32_BIT_CONVERSION = YES;
				GCC_WARN_ABOUT_RETURN_TYPE = YES_ERROR;
				GCC_WARN_UNDECLARED_SELECTOR = YES;
				GCC_WARN_UNINITIALIZED_AUTOS = YES_AGGRESSIVE;
				GCC_WARN_UNUSED_FUNCTION = YES;
				GCC_WARN_UNUSED_VARIABLE = YES;
				IPHONEOS_DEPLOYMENT_TARGET = 10.2;
				MTL_ENABLE_DEBUG_INFO = NO;
				SDKROOT = iphoneos;
				SWIFT_OPTIMIZATION_LEVEL = "-Owholemodule";
				VALIDATE_PRODUCT = YES;
			};
			name = Release;
		};
		AB6117FE1E4D650200E6C0A7 /* Debug */ = {
			isa = XCBuildConfiguration;
			buildSettings = {
				ASSETCATALOG_COMPILER_APPICON_NAME = AppIcon;
				DEVELOPMENT_TEAM = W2MHQ39N9M;
				INFOPLIST_FILE = CoreDemo/Info.plist;
				LD_RUNPATH_SEARCH_PATHS = "$(inherited) @executable_path/Frameworks";
				PRODUCT_BUNDLE_IDENTIFIER = com.lite.CoreDemo;
				PRODUCT_NAME = "$(TARGET_NAME)";
				SWIFT_VERSION = 3.0;
			};
			name = Debug;
		};
		AB6117FF1E4D650200E6C0A7 /* Release */ = {
			isa = XCBuildConfiguration;
			buildSettings = {
				ASSETCATALOG_COMPILER_APPICON_NAME = AppIcon;
				DEVELOPMENT_TEAM = W2MHQ39N9M;
				INFOPLIST_FILE = CoreDemo/Info.plist;
				LD_RUNPATH_SEARCH_PATHS = "$(inherited) @executable_path/Frameworks";
				PRODUCT_BUNDLE_IDENTIFIER = com.lite.CoreDemo;
				PRODUCT_NAME = "$(TARGET_NAME)";
				SWIFT_VERSION = 3.0;
			};
			name = Release;
		};
		AB6118011E4D650200E6C0A7 /* Debug */ = {
			isa = XCBuildConfiguration;
			buildSettings = {
				ALWAYS_EMBED_SWIFT_STANDARD_LIBRARIES = YES;
				BUNDLE_LOADER = "$(TEST_HOST)";
				DEVELOPMENT_TEAM = W2MHQ39N9M;
				INFOPLIST_FILE = CoreDemoTests/Info.plist;
				LD_RUNPATH_SEARCH_PATHS = "$(inherited) @executable_path/Frameworks @loader_path/Frameworks";
				PRODUCT_BUNDLE_IDENTIFIER = com.lite.CoreDemoTests;
				PRODUCT_NAME = "$(TARGET_NAME)";
				SWIFT_VERSION = 3.0;
				TEST_HOST = "$(BUILT_PRODUCTS_DIR)/CoreDemo.app/CoreDemo";
			};
			name = Debug;
		};
		AB6118021E4D650200E6C0A7 /* Release */ = {
			isa = XCBuildConfiguration;
			buildSettings = {
				ALWAYS_EMBED_SWIFT_STANDARD_LIBRARIES = YES;
				BUNDLE_LOADER = "$(TEST_HOST)";
				DEVELOPMENT_TEAM = W2MHQ39N9M;
				INFOPLIST_FILE = CoreDemoTests/Info.plist;
				LD_RUNPATH_SEARCH_PATHS = "$(inherited) @executable_path/Frameworks @loader_path/Frameworks";
				PRODUCT_BUNDLE_IDENTIFIER = com.lite.CoreDemoTests;
				PRODUCT_NAME = "$(TARGET_NAME)";
				SWIFT_VERSION = 3.0;
				TEST_HOST = "$(BUILT_PRODUCTS_DIR)/CoreDemo.app/CoreDemo";
			};
			name = Release;
		};
		AB6118041E4D650200E6C0A7 /* Debug */ = {
			isa = XCBuildConfiguration;
			buildSettings = {
				ALWAYS_EMBED_SWIFT_STANDARD_LIBRARIES = YES;
				DEVELOPMENT_TEAM = W2MHQ39N9M;
				INFOPLIST_FILE = CoreDemoUITests/Info.plist;
				LD_RUNPATH_SEARCH_PATHS = "$(inherited) @executable_path/Frameworks @loader_path/Frameworks";
				PRODUCT_BUNDLE_IDENTIFIER = com.lite.CoreDemoUITests;
				PRODUCT_NAME = "$(TARGET_NAME)";
				SWIFT_VERSION = 3.0;
				TEST_TARGET_NAME = CoreDemo;
			};
			name = Debug;
		};
		AB6118051E4D650200E6C0A7 /* Release */ = {
			isa = XCBuildConfiguration;
			buildSettings = {
				ALWAYS_EMBED_SWIFT_STANDARD_LIBRARIES = YES;
				DEVELOPMENT_TEAM = W2MHQ39N9M;
				INFOPLIST_FILE = CoreDemoUITests/Info.plist;
				LD_RUNPATH_SEARCH_PATHS = "$(inherited) @executable_path/Frameworks @loader_path/Frameworks";
				PRODUCT_BUNDLE_IDENTIFIER = com.lite.CoreDemoUITests;
				PRODUCT_NAME = "$(TARGET_NAME)";
				SWIFT_VERSION = 3.0;
				TEST_TARGET_NAME = CoreDemo;
			};
			name = Release;
		};
/* End XCBuildConfiguration section */

/* Begin XCConfigurationList section */
		AB6117D01E4D650100E6C0A7 /* Build configuration list for PBXProject "CoreDemo" */ = {
			isa = XCConfigurationList;
			buildConfigurations = (
				AB6117FB1E4D650200E6C0A7 /* Debug */,
				AB6117FC1E4D650200E6C0A7 /* Release */,
			);
			defaultConfigurationIsVisible = 0;
			defaultConfigurationName = Release;
		};
		AB6117FD1E4D650200E6C0A7 /* Build configuration list for PBXNativeTarget "CoreDemo" */ = {
			isa = XCConfigurationList;
			buildConfigurations = (
				AB6117FE1E4D650200E6C0A7 /* Debug */,
				AB6117FF1E4D650200E6C0A7 /* Release */,
			);
			defaultConfigurationIsVisible = 0;
		};
		AB6118001E4D650200E6C0A7 /* Build configuration list for PBXNativeTarget "CoreDemoTests" */ = {
			isa = XCConfigurationList;
			buildConfigurations = (
				AB6118011E4D650200E6C0A7 /* Debug */,
				AB6118021E4D650200E6C0A7 /* Release */,
			);
			defaultConfigurationIsVisible = 0;
		};
		AB6118031E4D650200E6C0A7 /* Build configuration list for PBXNativeTarget "CoreDemoUITests" */ = {
			isa = XCConfigurationList;
			buildConfigurations = (
				AB6118041E4D650200E6C0A7 /* Debug */,
				AB6118051E4D650200E6C0A7 /* Release */,
			);
			defaultConfigurationIsVisible = 0;
		};
/* End XCConfigurationList section */
	};
	rootObject = AB6117CD1E4D650100E6C0A7 /* Project object */;
}
